
Microsoft Visual Studio Solution File, Format Version 9.00
# Visual Studio 2005
Project("{FAE04EC0-301F-11D3-BF4B-00C04F79EFBC}") = "GoIOdotNET", "GoIOdotNET.csproj", "{E520BBF7-3FB4-452E-AB3C-BB3B7A9C0BC8}"
EndProject
Global
	GlobalSection(SolutionConfigurationPlatforms) = preSolution
		Debug|Any CPU = Debug|Any CPU
		Release|Any CPU = Release|Any CPU
	EndGlobalSection
	GlobalSection(ProjectConfigurationPlatforms) = postSolution
		{E520BBF7-3FB4-452E-AB3C-BB3B7A9C0BC8}.Debug|Any CPU.ActiveCfg = Debug|Any CPU
		{E520BBF7-3FB4-452E-AB3C-BB3B7A9C0BC8}.Debug|Any CPU.Build.0 = Debug|Any CPU
		{E520BBF7-3FB4-452E-AB3C-BB3B7A9C0BC8}.Release|Any CPU.ActiveCfg = Release|Any CPU
		{E520BBF7-3FB4-452E-AB3C-BB3B7A9C0BC8}.Release|Any CPU.Build.0 = Release|Any CPU
	EndGlobalSection
	GlobalSection(SolutionProperties) = preSolution
		HideSolutionNode = FALSE
	EndGlobalSection
EndGlobal
