// !$*UTF8*$!
{
	archiveVersion = 1;
	classes = {
	};
	objectVersion = 45;
	objects = {

/* Begin PBXBuildFile section */
		C4D31773126675F900546243 /* GoIO_DeviceCheck.cpp in Sources */ = {isa = PBXBuildFile; fileRef = C4D31772126675F900546243 /* GoIO_DeviceCheck.cpp */; };
		C4D317791266761A00546243 /* Carbon.framework in Frameworks */ = {isa = PBXBuildFile; fileRef = C4D317771266761A00546243 /* Carbon.framework */; };
		C4D318351266768300546243 /* libGoIOUniversal.dylib in Frameworks */ = {isa = PBXBuildFile; fileRef = C4D318341266768300546243 /* libGoIOUniversal.dylib */; };
		C4D31861126677CC00546243 /* libGoIOUniversal.dylib in Copy dylib to executable */ = {isa = PBXBuildFile; fileRef = C4D318341266768300546243 /* libGoIOUniversal.dylib */; };
/* End PBXBuildFile section */

/* Begin PBXCopyFilesBuildPhase section */
		C4D31869126677E200546243 /* Copy dylib to executable */ = {
			isa = PBXCopyFilesBuildPhase;
			buildActionMask = 2147483647;
			dstPath = "";
			dstSubfolderSpec = 6;
			files = (
				C4D31861126677CC00546243 /* libGoIOUniversal.dylib in Copy dylib to executable */,
			);
			name = "Copy dylib to executable";
			runOnlyForDeploymentPostprocessing = 0;
		};
/* End PBXCopyFilesBuildPhase section */

/* Begin PBXFileReference section */
		8DD76F6C0486A84900D96B5E /* DeviceCheck64 */ = {isa = PBXFileReference; explicitFileType = "compiled.mach-o.executable"; includeInIndex = 0; path = DeviceCheck64; sourceTree = BUILT_PRODUCTS_DIR; };
		C4D31772126675F900546243 /* GoIO_DeviceCheck.cpp */ = {isa = PBXFileReference; fileEncoding = 4; lastKnownFileType = sourcecode.cpp.cpp; name = GoIO_DeviceCheck.cpp; path = ../../GoIO_DeviceCheck.cpp; sourceTree = SOURCE_ROOT; };
		C4D317771266761A00546243 /* Carbon.framework */ = {isa = PBXFileReference; lastKnownFileType = wrapper.framework; name = Carbon.framework; path = /System/Library/Frameworks/Carbon.framework; sourceTree = "<absolute>"; };
		C4D318341266768300546243 /* libGoIOUniversal.dylib */ = {isa = PBXFileReference; lastKnownFileType = "compiled.mach-o.dylib"; name = libGoIOUniversal.dylib; path = ../../../../redist/GoIO_DLL/MacOSX/libGoIOUniversal.dylib; sourceTree = SOURCE_ROOT; };
		C4D31839126676BC00546243 /* GoIO_DLL_interface.h */ = {isa = PBXFileReference; fileEncoding = 4; lastKnownFileType = sourcecode.c.h; name = GoIO_DLL_interface.h; path = ../../../GoIO_DLL/GoIO_DLL_interface.h; sourceTree = SOURCE_ROOT; };
		C4D3183A126676BC00546243 /* GSensorDDSMem.h */ = {isa = PBXFileReference; fileEncoding = 4; lastKnownFileType = sourcecode.c.h; name = GSensorDDSMem.h; path = ../../../GoIO_cpp/GSensorDDSMem.h; sourceTree = SOURCE_ROOT; };
		C4D3183B126676BC00546243 /* GSkipCommExt.h */ = {isa = PBXFileReference; fileEncoding = 4; lastKnownFileType = sourcecode.c.h; name = GSkipCommExt.h; path = ../../../GoIO_cpp/GSkipCommExt.h; sourceTree = SOURCE_ROOT; };
		C4D3183C126676BC00546243 /* GVernierUSB.h */ = {isa = PBXFileReference; fileEncoding = 4; lastKnownFileType = sourcecode.c.h; name = GVernierUSB.h; path = ../../../GoIO_cpp/GVernierUSB.h; sourceTree = SOURCE_ROOT; };
/* End PBXFileReference section */

/* Begin PBXFrameworksBuildPhase section */
		8DD76F660486A84900D96B5E /* Frameworks */ = {
			isa = PBXFrameworksBuildPhase;
			buildActionMask = 2147483647;
			files = (
				C4D317791266761A00546243 /* Carbon.framework in Frameworks */,
				C4D318351266768300546243 /* libGoIOUniversal.dylib in Frameworks */,
			);
			runOnlyForDeploymentPostprocessing = 0;
		};
/* End PBXFrameworksBuildPhase section */

/* Begin PBXGroup section */
		08FB7794FE84155DC02AAC07 /* DeviceCheck64 */ = {
			isa = PBXGroup;
			children = (
				08FB7795FE84155DC02AAC07 /* Source */,
				C4D31838126676BC00546243 /* SDK */,
				C4D317761266761A00546243 /* Frameworks and Libs */,
				1AB674ADFE9D54B511CA2CBB /* Products */,
			);
			name = DeviceCheck64;
			sourceTree = "<group>";
		};
		08FB7795FE84155DC02AAC07 /* Source */ = {
			isa = PBXGroup;
			children = (
				C4D31772126675F900546243 /* GoIO_DeviceCheck.cpp */,
			);
			name = Source;
			sourceTree = "<group>";
		};
		1AB674ADFE9D54B511CA2CBB /* Products */ = {
			isa = PBXGroup;
			children = (
				8DD76F6C0486A84900D96B5E /* DeviceCheck64 */,
			);
			name = Products;
			sourceTree = "<group>";
		};
		C4D317761266761A00546243 /* Frameworks and Libs */ = {
			isa = PBXGroup;
			children = (
				C4D317771266761A00546243 /* Carbon.framework */,
				C4D318341266768300546243 /* libGoIOUniversal.dylib */,
			);
			name = "Frameworks and Libs";
			sourceTree = "<group>";
		};
		C4D31838126676BC00546243 /* SDK */ = {
			isa = PBXGroup;
			children = (
				C4D31839126676BC00546243 /* GoIO_DLL_interface.h */,
				C4D3183A126676BC00546243 /* GSensorDDSMem.h */,
				C4D3183B126676BC00546243 /* GSkipCommExt.h */,
				C4D3183C126676BC00546243 /* GVernierUSB.h */,
			);
			name = SDK;
			sourceTree = "<group>";
		};
/* End PBXGroup section */

/* Begin PBXNativeTarget section */
		8DD76F620486A84900D96B5E /* DeviceCheck64 */ = {
			isa = PBXNativeTarget;
			buildConfigurationList = 1DEB923108733DC60010E9CD /* Build configuration list for PBXNativeTarget "DeviceCheck64" */;
			buildPhases = (
				8DD76F640486A84900D96B5E /* Sources */,
				8DD76F660486A84900D96B5E /* Frameworks */,
				C4D31869126677E200546243 /* Copy dylib to executable */,
			);
			buildRules = (
			);
			dependencies = (
			);
			name = DeviceCheck64;
			productInstallPath = "$(HOME)/bin";
			productName = DeviceCheck64;
			productReference = 8DD76F6C0486A84900D96B5E /* DeviceCheck64 */;
			productType = "com.apple.product-type.tool";
		};
/* End PBXNativeTarget section */

/* Begin PBXProject section */
		08FB7793FE84155DC02AAC07 /* Project object */ = {
			isa = PBXProject;
			buildConfigurationList = 1DEB923508733DC60010E9CD /* Build configuration list for PBXProject "DeviceCheck64" */;
			compatibilityVersion = "Xcode 3.1";
			developmentRegion = English;
			hasScannedForEncodings = 1;
			knownRegions = (
				English,
				Japanese,
				French,
				German,
			);
			mainGroup = 08FB7794FE84155DC02AAC07 /* DeviceCheck64 */;
			projectDirPath = "";
			projectRoot = "";
			targets = (
				8DD76F620486A84900D96B5E /* DeviceCheck64 */,
			);
		};
/* End PBXProject section */

/* Begin PBXSourcesBuildPhase section */
		8DD76F640486A84900D96B5E /* Sources */ = {
			isa = PBXSourcesBuildPhase;
			buildActionMask = 2147483647;
			files = (
				C4D31773126675F900546243 /* GoIO_DeviceCheck.cpp in Sources */,
			);
			runOnlyForDeploymentPostprocessing = 0;
		};
/* End PBXSourcesBuildPhase section */

/* Begin XCBuildConfiguration section */
		1DEB923208733DC60010E9CD /* Debug */ = {
			isa = XCBuildConfiguration;
			buildSettings = {
				ALWAYS_SEARCH_USER_PATHS = NO;
				COPY_PHASE_STRIP = NO;
				GCC_DYNAMIC_NO_PIC = NO;
				GCC_ENABLE_FIX_AND_CONTINUE = YES;
				GCC_MODEL_TUNING = G5;
				GCC_OPTIMIZATION_LEVEL = 0;
				INSTALL_PATH = /usr/local/bin;
				LIBRARY_SEARCH_PATHS = (
					"$(inherited)",
					"\"$(SRCROOT)/../../../../redist/GoIO_DLL/MacOSX\"",
				);
				PRODUCT_NAME = DeviceCheck64;
			};
			name = Debug;
		};
		1DEB923308733DC60010E9CD /* Release */ = {
			isa = XCBuildConfiguration;
			buildSettings = {
				ALWAYS_SEARCH_USER_PATHS = NO;
				DEBUG_INFORMATION_FORMAT = "dwarf-with-dsym";
				GCC_MODEL_TUNING = G5;
				INSTALL_PATH = /usr/local/bin;
				LIBRARY_SEARCH_PATHS = (
					"$(inherited)",
					"\"$(SRCROOT)/../../../../redist/GoIO_DLL/MacOSX\"",
				);
				PRODUCT_NAME = DeviceCheck64;
			};
			name = Release;
		};
		1DEB923608733DC60010E9CD /* Debug */ = {
			isa = XCBuildConfiguration;
			buildSettings = {
				ARCHS = "$(ARCHS_STANDARD_32_64_BIT)";
				GCC_C_LANGUAGE_STANDARD = gnu99;
				GCC_OPTIMIZATION_LEVEL = 0;
				GCC_PREPROCESSOR_DEFINITIONS = "TARGET_OS_MAC=1";
				GCC_WARN_ABOUT_RETURN_TYPE = YES;
				GCC_WARN_UNUSED_VARIABLE = YES;
				ONLY_ACTIVE_ARCH = YES;
				PREBINDING = NO;
				SDKROOT = macosx10.5;
			};
			name = Debug;
		};
		1DEB923708733DC60010E9CD /* Release */ = {
			isa = XCBuildConfiguration;
			buildSettings = {
				ARCHS = "$(ARCHS_STANDARD_32_64_BIT)";
				GCC_C_LANGUAGE_STANDARD = gnu99;
				GCC_PREPROCESSOR_DEFINITIONS = "TARGET_OS_MAC=1";
				GCC_WARN_ABOUT_RETURN_TYPE = YES;
				GCC_WARN_UNUSED_VARIABLE = YES;
				PREBINDING = NO;
				SDKROOT = macosx10.5;
			};
			name = Release;
		};
/* End XCBuildConfiguration section */

/* Begin XCConfigurationList section */
		1DEB923108733DC60010E9CD /* Build configuration list for PBXNativeTarget "DeviceCheck64" */ = {
			isa = XCConfigurationList;
			buildConfigurations = (
				1DEB923208733DC60010E9CD /* Debug */,
				1DEB923308733DC60010E9CD /* Release */,
			);
			defaultConfigurationIsVisible = 0;
			defaultConfigurationName = Release;
		};
		1DEB923508733DC60010E9CD /* Build configuration list for PBXProject "DeviceCheck64" */ = {
			isa = XCConfigurationList;
			buildConfigurations = (
				1DEB923608733DC60010E9CD /* Debug */,
				1DEB923708733DC60010E9CD /* Release */,
			);
			defaultConfigurationIsVisible = 0;
			defaultConfigurationName = Release;
		};
/* End XCConfigurationList section */
	};
	rootObject = 08FB7793FE84155DC02AAC07 /* Project object */;
}
